{
  "version": 1,
  "dependencies": {
    "net6.0": {
      "Newtonsoft.Json": {
        "type": "Direct",
        "requested": "[13.0.1, )",
        "resolved": "13.0.1",
        "contentHash": "ppPFpBcvxdsfUonNcvITKqLl3bqxWbDCZIzDWHzjpdAHRFfZe0Dw9HmA0+za13IdyrgJwpkDTDA9fHaxOrt20A=="
      },
      "Serilog": {
        "type": "Direct",
        "requested": "[2.11.0, )",
        "resolved": "2.11.0",
        "contentHash": "ysv+hBzTul6Dp+Hvm10FlhJO3yMQcFKSAleus+LpiIzvNstpeV4Z7gGuIZ1OPNfIMulSHOjmLuGAEDKzpnV8ZQ=="
      },
      "Serilog.Extensions.Hosting": {
        "type": "Direct",
        "requested": "[4.2.0, )",
        "resolved": "4.2.0",
        "contentHash": "gT2keceCmPQR9EX0VpXQZvUgELdfE7yqJ7MOxBhm3WLCblcvRgswEOOTgok/DHObbM15A3V/DtF3VdVDQPIZzQ==",
        "dependencies": {
          "Microsoft.Extensions.DependencyInjection.Abstractions": "3.1.8",
          "Microsoft.Extensions.Hosting.Abstractions": "3.1.8",
          "Microsoft.Extensions.Logging.Abstractions": "3.1.8",
          "Serilog": "2.10.0",
          "Serilog.Extensions.Logging": "3.1.0"
        }
      },
      "Serilog.Formatting.Compact": {
        "type": "Direct",
        "requested": "[1.1.0, )",
        "resolved": "1.1.0",
        "contentHash": "pNroKVjo+rDqlxNG5PXkRLpfSCuDOBY0ri6jp9PLe505ljqwhwZz8ospy2vWhQlFu5GkIesh3FcDs4n7sWZODA==",
        "dependencies": {
          "Serilog": "2.8.0"
        }
      },
      "Serilog.Sinks.Console": {
        "type": "Direct",
        "requested": "[4.0.1, )",
        "resolved": "4.0.1",
        "contentHash": "apLOvSJQLlIbKlbx+Y2UDHSP05kJsV7mou+fvJoRGs/iR+jC22r8cuFVMjjfVxz/AD4B2UCltFhE1naRLXwKNw==",
        "dependencies": {
          "Serilog": "2.10.0"
        }
      },
      "Swashbuckle.AspNetCore": {
        "type": "Direct",
        "requested": "[5.4.1, )",
        "resolved": "5.4.1",
        "contentHash": "5EA++Cg8nzw1GCOM+7gWqrXJtylH8XMu+ixkFrbRIhRSMiZLzVPCFnSgAvJn+hCyi+AipUoJbBYv1BjvugieSw==",
        "dependencies": {
          "Microsoft.Extensions.ApiDescription.Server": "3.0.0",
          "Swashbuckle.AspNetCore.Swagger": "5.4.1",
          "Swashbuckle.AspNetCore.SwaggerGen": "5.4.1",
          "Swashbuckle.AspNetCore.SwaggerUI": "5.4.1"
        }
      },
      "Microsoft.Extensions.ApiDescription.Server": {
        "type": "Transitive",
        "resolved": "3.0.0",
        "contentHash": "LH4OE/76F6sOCslif7+Xh3fS/wUUrE5ryeXAMcoCnuwOQGT5Smw0p57IgDh/pHgHaGz/e+AmEQb7pRgb++wt0w=="
      },
      "Microsoft.Extensions.Configuration.Abstractions": {
        "type": "Transitive",
        "resolved": "3.1.8",
        "contentHash": "0qbNyxGpuNP/fuQ3FLHesm1Vn/83qYcAgVsi1UQCQN1peY4YH1uiizOh4xbYkQyxiVMD/c/zhiYYv94G0DXSSA==",
        "dependencies": {
          "Microsoft.Extensions.Primitives": "3.1.8"
        }
      },
      "Microsoft.Extensions.DependencyInjection.Abstractions": {
        "type": "Transitive",
        "resolved": "3.1.8",
        "contentHash": "YP0kEBkSLTVl3znqZEux+xyJpz5iVNwFZf0OPS7nupdKbojSlO7Fa+JuQjLYpWfpAshaMcznu27tjWzfXRJnOA=="
      },
      "Microsoft.Extensions.FileProviders.Abstractions": {
        "type": "Transitive",
        "resolved": "3.1.8",
        "contentHash": "U7ffyzrPfRDH5K3h/mBpqJVoHbppw1kc1KyHZcZeDR7b1A0FRaqMSiizGpN9IGwWs9BuN7oXIKFyviuSGBjHtQ==",
        "dependencies": {
          "Microsoft.Extensions.Primitives": "3.1.8"
        }
      },
      "Microsoft.Extensions.Hosting.Abstractions": {
        "type": "Transitive",
        "resolved": "3.1.8",
        "contentHash": "7ZJUKwPipkDvuv2KJPZ3r01wp2AWNMiYH+61i0dL89F7QICknjKpWgLKLpTSUYFgl77S3b4264I6i4HzDdrb2A==",
        "dependencies": {
          "Microsoft.Extensions.Configuration.Abstractions": "3.1.8",
          "Microsoft.Extensions.DependencyInjection.Abstractions": "3.1.8",
          "Microsoft.Extensions.FileProviders.Abstractions": "3.1.8",
          "Microsoft.Extensions.Logging.Abstractions": "3.1.8"
        }
      },
      "Microsoft.Extensions.Logging": {
        "type": "Transitive",
        "resolved": "2.0.0",
        "contentHash": "VP10syWV/vxYYMKgZ2eDESmUsz3gPxvBn5J6tkVN8lI4M+dF43RN8fWsEPbcAneDmZrHl3Pv23z05nmyGkJlpg==",
        "dependencies": {
          "Microsoft.Extensions.DependencyInjection.Abstractions": "2.0.0",
          "Microsoft.Extensions.Logging.Abstractions": "2.0.0",
          "Microsoft.Extensions.Options": "2.0.0"
        }
      },
      "Microsoft.Extensions.Logging.Abstractions": {
        "type": "Transitive",
        "resolved": "3.1.8",
        "contentHash": "LxQPR/KE4P9nx304VcFipWPcW8ZOZOGHuiYlG0ncAQJItogDzR9nyYUNvziLObx2MfX2Z9iCTdAqEtoImaQOYg=="
      },
      "Microsoft.Extensions.Options": {
        "type": "Transitive",
        "resolved": "2.0.0",
        "contentHash": "sAKBgjl2gWsECBLLR9K54T7/uZaP2n9GhMYHay/oOLfvpvX0+iNAlQ2NJgVE352C9Fs5CDV3VbNTK8T2aNKQFA==",
        "dependencies": {
          "Microsoft.Extensions.DependencyInjection.Abstractions": "2.0.0",
          "Microsoft.Extensions.Primitives": "2.0.0"
        }
      },
      "Microsoft.Extensions.Primitives": {
        "type": "Transitive",
        "resolved": "3.1.8",
        "contentHash": "XcIoXQhT0kwnEhOKv/LmpWR6yF6QWmBTy9Fcsz4aHuCOgTJ7Zd23ELtUA4BfwlYoFlSedavS+vURz9tNekd44g=="
      },
      "Microsoft.OpenApi": {
        "type": "Transitive",
        "resolved": "1.1.4",
        "contentHash": "6SW0tpbJslc8LAY1XniRfLVcJa7bJUbbwvo2/ZRqfkMbJrsqIj9045vg3STtZhDhYRKhpYgjqGU11eeW4Pzyrg=="
      },
      "Serilog.Extensions.Logging": {
        "type": "Transitive",
        "resolved": "3.1.0",
        "contentHash": "IWfem7wfrFbB3iw1OikqPFNPEzfayvDuN4WP7Ue1AVFskalMByeWk3QbtUXQR34SBkv1EbZ3AySHda/ErDgpcg==",
        "dependencies": {
          "Microsoft.Extensions.Logging": "2.0.0",
          "Serilog": "2.9.0"
        }
      },
      "Swashbuckle.AspNetCore.Swagger": {
        "type": "Transitive",
        "resolved": "5.4.1",
        "contentHash": "EY9ILzyXCAdAOmbbBM1LCTGO/T/hcRv16GrmwHWLqcBTOzZQ1lX6hUG+0BDu0xt1ti6TWMTfqEGOojsGYE5rbg==",
        "dependencies": {
          "Microsoft.OpenApi": "1.1.4"
        }
      },
      "Swashbuckle.AspNetCore.SwaggerGen": {
        "type": "Transitive",
        "resolved": "5.4.1",
        "contentHash": "HH98jkSlJX16xyt/GRzjYs9SHekQTxT6Orok29smdrQ9usBkO8B2dBlUBxCLuupsch8ol46Oq/Apx3wve0LJTg==",
        "dependencies": {
          "Swashbuckle.AspNetCore.Swagger": "5.4.1"
        }
      },
      "Swashbuckle.AspNetCore.SwaggerUI": {
        "type": "Transitive",
        "resolved": "5.4.1",
        "contentHash": "YhRB2iqO/DILvWWxgzckPefxTwjJc9jPT1NjqEW/DPcYLP8CeR4/wII0h4mnV92pDcItPD5FVFT8yNotGmWViw=="
      }
    }
  }
}